// !$*UTF8*$!
{
	archiveVersion = 1;
	classes = {
	};
	objectVersion = 52;
	objects = {

/* Begin PBXBuildFile section */
		FEBB165F25E635F7004A6284 /* main.swift in Sources */ = {isa = PBXBuildFile; fileRef = FEBB165E25E635F7004A6284 /* main.swift */; };
		FEBB166825E6369F004A6284 /* GRPC in Frameworks */ = {isa = PBXBuildFile; productRef = FEBB166725E6369F004A6284 /* GRPC */; };
		FEBB166F25E636DA004A6284 /* update.proto in Sources */ = {isa = PBXBuildFile; fileRef = FEBB166E25E636DA004A6284 /* update.proto */; };
		FEBB167225E636F7004A6284 /* Makefile in Sources */ = {isa = PBXBuildFile; fileRef = FEBB167125E636F7004A6284 /* Makefile */; };
		FEBB167625E637D5004A6284 /* update.pb.swift in Sources */ = {isa = PBXBuildFile; fileRef = FEBB167425E637D5004A6284 /* update.pb.swift */; };
		FEBB167725E637D5004A6284 /* update.grpc.swift in Sources */ = {isa = PBXBuildFile; fileRef = FEBB167525E637D5004A6284 /* update.grpc.swift */; };
/* End PBXBuildFile section */

/* Begin PBXCopyFilesBuildPhase section */
		FEBB165925E635F7004A6284 /* CopyFiles */ = {
			isa = PBXCopyFilesBuildPhase;
			buildActionMask = 2147483647;
			dstPath = /usr/share/man/man1/;
			dstSubfolderSpec = 0;
			files = (
			);
			runOnlyForDeploymentPostprocessing = 1;
		};
/* End PBXCopyFilesBuildPhase section */

/* Begin PBXFileReference section */
		FEBB165B25E635F7004A6284 /* simple-grpc-swift */ = {isa = PBXFileReference; explicitFileType = "compiled.mach-o.executable"; includeInIndex = 0; path = "simple-grpc-swift"; sourceTree = BUILT_PRODUCTS_DIR; };
		FEBB165E25E635F7004A6284 /* main.swift */ = {isa = PBXFileReference; lastKnownFileType = sourcecode.swift; path = main.swift; sourceTree = "<group>"; };
		FEBB166A25E636AF004A6284 /* README.md */ = {isa = PBXFileReference; lastKnownFileType = net.daringfireball.markdown; path = README.md; sourceTree = "<group>"; };
		FEBB166E25E636DA004A6284 /* update.proto */ = {isa = PBXFileReference; lastKnownFileType = sourcecode.protobuf; path = update.proto; sourceTree = "<group>"; };
		FEBB167125E636F7004A6284 /* Makefile */ = {isa = PBXFileReference; lastKnownFileType = sourcecode.make; path = Makefile; sourceTree = "<group>"; };
		FEBB167425E637D5004A6284 /* update.pb.swift */ = {isa = PBXFileReference; fileEncoding = 4; lastKnownFileType = sourcecode.swift; name = update.pb.swift; path = "simple-grpc-swift/model/update.pb.swift"; sourceTree = "<group>"; };
		FEBB167525E637D5004A6284 /* update.grpc.swift */ = {isa = PBXFileReference; fileEncoding = 4; lastKnownFileType = sourcecode.swift; name = update.grpc.swift; path = "simple-grpc-swift/model/update.grpc.swift"; sourceTree = "<group>"; };
/* End PBXFileReference section */

/* Begin PBXFrameworksBuildPhase section */
		FEBB165825E635F7004A6284 /* Frameworks */ = {
			isa = PBXFrameworksBuildPhase;
			buildActionMask = 2147483647;
			files = (
				FEBB166825E6369F004A6284 /* GRPC in Frameworks */,
			);
			runOnlyForDeploymentPostprocessing = 0;
		};
/* End PBXFrameworksBuildPhase section */

/* Begin PBXGroup section */
		FEBB165225E635F7004A6284 = {
			isa = PBXGroup;
			children = (
				FEBB167125E636F7004A6284 /* Makefile */,
				FEBB166A25E636AF004A6284 /* README.md */,
				FEBB165D25E635F7004A6284 /* simple-grpc-swift */,
				FEBB165C25E635F7004A6284 /* Products */,
			);
			sourceTree = "<group>";
		};
		FEBB165C25E635F7004A6284 /* Products */ = {
			isa = PBXGroup;
			children = (
				FEBB165B25E635F7004A6284 /* simple-grpc-swift */,
			);
			name = Products;
			sourceTree = "<group>";
		};
		FEBB165D25E635F7004A6284 /* simple-grpc-swift */ = {
			isa = PBXGroup;
			children = (
				FEBB166C25E636B6004A6284 /* Model */,
				FEBB165E25E635F7004A6284 /* main.swift */,
			);
			path = "simple-grpc-swift";
			sourceTree = "<group>";
		};
		FEBB166C25E636B6004A6284 /* Model */ = {
			isa = PBXGroup;
			children = (
				FEBB167525E637D5004A6284 /* update.grpc.swift */,
				FEBB167425E637D5004A6284 /* update.pb.swift */,
				FEBB166E25E636DA004A6284 /* update.proto */,
			);
			path = Model;
			sourceTree = "<group>";
		};
/* End PBXGroup section */

/* Begin PBXNativeTarget section */
		FEBB165A25E635F7004A6284 /* simple-grpc-swift */ = {
			isa = PBXNativeTarget;
			buildConfigurationList = FEBB166225E635F7004A6284 /* Build configuration list for PBXNativeTarget "simple-grpc-swift" */;
			buildPhases = (
				FEBB165725E635F7004A6284 /* Sources */,
				FEBB165825E635F7004A6284 /* Frameworks */,
				FEBB165925E635F7004A6284 /* CopyFiles */,
			);
			buildRules = (
			);
			dependencies = (
			);
			name = "simple-grpc-swift";
			packageProductDependencies = (
				FEBB166725E6369F004A6284 /* GRPC */,
			);
			productName = "simple-grpc-swift";
			productReference = FEBB165B25E635F7004A6284 /* simple-grpc-swift */;
			productType = "com.apple.product-type.tool";
		};
/* End PBXNativeTarget section */

/* Begin PBXProject section */
		FEBB165325E635F7004A6284 /* Project object */ = {
			isa = PBXProject;
			attributes = {
				LastSwiftUpdateCheck = 1240;
				LastUpgradeCheck = 1240;
				TargetAttributes = {
					FEBB165A25E635F7004A6284 = {
						CreatedOnToolsVersion = 12.4;
					};
				};
			};
			buildConfigurationList = FEBB165625E635F7004A6284 /* Build configuration list for PBXProject "simple-grpc-swift" */;
			compatibilityVersion = "Xcode 9.3";
			developmentRegion = en;
			hasScannedForEncodings = 0;
			knownRegions = (
				en,
				Base,
			);
			mainGroup = FEBB165225E635F7004A6284;
			packageReferences = (
				FEBB166625E6369F004A6284 /* XCRemoteSwiftPackageReference "grpc-swift" */,
			);
			productRefGroup = FEBB165C25E635F7004A6284 /* Products */;
			projectDirPath = "";
			projectRoot = "";
			targets = (
				FEBB165A25E635F7004A6284 /* simple-grpc-swift */,
			);
		};
/* End PBXProject section */

/* Begin PBXSourcesBuildPhase section */
		FEBB165725E635F7004A6284 /* Sources */ = {
			isa = PBXSourcesBuildPhase;
			buildActionMask = 2147483647;
			files = (
				FEBB167725E637D5004A6284 /* update.grpc.swift in Sources */,
				FEBB167225E636F7004A6284 /* Makefile in Sources */,
				FEBB167625E637D5004A6284 /* update.pb.swift in Sources */,
				FEBB165F25E635F7004A6284 /* main.swift in Sources */,
				FEBB166F25E636DA004A6284 /* update.proto in Sources */,
			);
			runOnlyForDeploymentPostprocessing = 0;
		};
/* End PBXSourcesBuildPhase section */

/* Begin XCBuildConfiguration section */
		FEBB166025E635F7004A6284 /* Debug */ = {
			isa = XCBuildConfiguration;
			buildSettings = {
				ALWAYS_SEARCH_USER_PATHS = NO;
				CLANG_ANALYZER_NONNULL = YES;
				CLANG_ANALYZER_NUMBER_OBJECT_CONVERSION = YES_AGGRESSIVE;
				CLANG_CXX_LANGUAGE_STANDARD = "gnu++14";
				CLANG_CXX_LIBRARY = "libc++";
				CLANG_ENABLE_MODULES = YES;
				CLANG_ENABLE_OBJC_ARC = YES;
				CLANG_ENABLE_OBJC_WEAK = YES;
				CLANG_WARN_BLOCK_CAPTURE_AUTORELEASING = YES;
				CLANG_WARN_BOOL_CONVERSION = YES;
				CLANG_WARN_COMMA = YES;
				CLANG_WARN_CONSTANT_CONVERSION = YES;
				CLANG_WARN_DEPRECATED_OBJC_IMPLEMENTATIONS = YES;
				CLANG_WARN_DIRECT_OBJC_ISA_USAGE = YES_ERROR;
				CLANG_WARN_DOCUMENTATION_COMMENTS = YES;
				CLANG_WARN_EMPTY_BODY = YES;
				CLANG_WARN_ENUM_CONVERSION = YES;
				CLANG_WARN_INFINITE_RECURSION = YES;
				CLANG_WARN_INT_CONVERSION = YES;
				CLANG_WARN_NON_LITERAL_NULL_CONVERSION = YES;
				CLANG_WARN_OBJC_IMPLICIT_RETAIN_SELF = YES;
				CLANG_WARN_OBJC_LITERAL_CONVERSION = YES;
				CLANG_WARN_OBJC_ROOT_CLASS = YES_ERROR;
				CLANG_WARN_QUOTED_INCLUDE_IN_FRAMEWORK_HEADER = YES;
				CLANG_WARN_RANGE_LOOP_ANALYSIS = YES;
				CLANG_WARN_STRICT_PROTOTYPES = YES;
				CLANG_WARN_SUSPICIOUS_MOVE = YES;
				CLANG_WARN_UNGUARDED_AVAILABILITY = YES_AGGRESSIVE;
				CLANG_WARN_UNREACHABLE_CODE = YES;
				CLANG_WARN__DUPLICATE_METHOD_MATCH = YES;
				COPY_PHASE_STRIP = NO;
				DEBUG_INFORMATION_FORMAT = dwarf;
				ENABLE_STRICT_OBJC_MSGSEND = YES;
				ENABLE_TESTABILITY = YES;
				GCC_C_LANGUAGE_STANDARD = gnu11;
				GCC_DYNAMIC_NO_PIC = NO;
				GCC_NO_COMMON_BLOCKS = YES;
				GCC_OPTIMIZATION_LEVEL = 0;
				GCC_PREPROCESSOR_DEFINITIONS = (
					"DEBUG=1",
					"$(inherited)",
				);
				GCC_WARN_64_TO_32_BIT_CONVERSION = YES;
				GCC_WARN_ABOUT_RETURN_TYPE = YES_ERROR;
				GCC_WARN_UNDECLARED_SELECTOR = YES;
				GCC_WARN_UNINITIALIZED_AUTOS = YES_AGGRESSIVE;
				GCC_WARN_UNUSED_FUNCTION = YES;
				GCC_WARN_UNUSED_VARIABLE = YES;
				MACOSX_DEPLOYMENT_TARGET = 11.1;
				MTL_ENABLE_DEBUG_INFO = INCLUDE_SOURCE;
				MTL_FAST_MATH = YES;
				ONLY_ACTIVE_ARCH = YES;
				SDKROOT = macosx;
				SWIFT_ACTIVE_COMPILATION_CONDITIONS = DEBUG;
				SWIFT_OPTIMIZATION_LEVEL = "-Onone";
			};
			name = Debug;
		};
		FEBB166125E635F7004A6284 /* Release */ = {
			isa = XCBuildConfiguration;
			buildSettings = {
				ALWAYS_SEARCH_USER_PATHS = NO;
				CLANG_ANALYZER_NONNULL = YES;
				CLANG_ANALYZER_NUMBER_OBJECT_CONVERSION = YES_AGGRESSIVE;
				CLANG_CXX_LANGUAGE_STANDARD = "gnu++14";
				CLANG_CXX_LIBRARY = "libc++";
				CLANG_ENABLE_MODULES = YES;
				CLANG_ENABLE_OBJC_ARC = YES;
				CLANG_ENABLE_OBJC_WEAK = YES;
				CLANG_WARN_BLOCK_CAPTURE_AUTORELEASING = YES;
				CLANG_WARN_BOOL_CONVERSION = YES;
				CLANG_WARN_COMMA = YES;
				CLANG_WARN_CONSTANT_CONVERSION = YES;
				CLANG_WARN_DEPRECATED_OBJC_IMPLEMENTATIONS = YES;
				CLANG_WARN_DIRECT_OBJC_ISA_USAGE = YES_ERROR;
				CLANG_WARN_DOCUMENTATION_COMMENTS = YES;
				CLANG_WARN_EMPTY_BODY = YES;
				CLANG_WARN_ENUM_CONVERSION = YES;
				CLANG_WARN_INFINITE_RECURSION = YES;
				CLANG_WARN_INT_CONVERSION = YES;
				CLANG_WARN_NON_LITERAL_NULL_CONVERSION = YES;
				CLANG_WARN_OBJC_IMPLICIT_RETAIN_SELF = YES;
				CLANG_WARN_OBJC_LITERAL_CONVERSION = YES;
				CLANG_WARN_OBJC_ROOT_CLASS = YES_ERROR;
				CLANG_WARN_QUOTED_INCLUDE_IN_FRAMEWORK_HEADER = YES;
				CLANG_WARN_RANGE_LOOP_ANALYSIS = YES;
				CLANG_WARN_STRICT_PROTOTYPES = YES;
				CLANG_WARN_SUSPICIOUS_MOVE = YES;
				CLANG_WARN_UNGUARDED_AVAILABILITY = YES_AGGRESSIVE;
				CLANG_WARN_UNREACHABLE_CODE = YES;
				CLANG_WARN__DUPLICATE_METHOD_MATCH = YES;
				COPY_PHASE_STRIP = NO;
				DEBUG_INFORMATION_FORMAT = "dwarf-with-dsym";
				ENABLE_NS_ASSERTIONS = NO;
				ENABLE_STRICT_OBJC_MSGSEND = YES;
				GCC_C_LANGUAGE_STANDARD = gnu11;
				GCC_NO_COMMON_BLOCKS = YES;
				GCC_WARN_64_TO_32_BIT_CONVERSION = YES;
				GCC_WARN_ABOUT_RETURN_TYPE = YES_ERROR;
				GCC_WARN_UNDECLARED_SELECTOR = YES;
				GCC_WARN_UNINITIALIZED_AUTOS = YES_AGGRESSIVE;
				GCC_WARN_UNUSED_FUNCTION = YES;
				GCC_WARN_UNUSED_VARIABLE = YES;
				MACOSX_DEPLOYMENT_TARGET = 11.1;
				MTL_ENABLE_DEBUG_INFO = NO;
				MTL_FAST_MATH = YES;
				SDKROOT = macosx;
				SWIFT_COMPILATION_MODE = wholemodule;
				SWIFT_OPTIMIZATION_LEVEL = "-O";
			};
			name = Release;
		};
		FEBB166325E635F7004A6284 /* Debug */ = {
			isa = XCBuildConfiguration;
			buildSettings = {
				CODE_SIGN_STYLE = Automatic;
				PRODUCT_NAME = "$(TARGET_NAME)";
				SWIFT_VERSION = 5.0;
			};
			name = Debug;
		};
		FEBB166425E635F7004A6284 /* Release */ = {
			isa = XCBuildConfiguration;
			buildSettings = {
				CODE_SIGN_STYLE = Automatic;
				PRODUCT_NAME = "$(TARGET_NAME)";
				SWIFT_VERSION = 5.0;
			};
			name = Release;
		};
/* End XCBuildConfiguration section */

/* Begin XCConfigurationList section */
		FEBB165625E635F7004A6284 /* Build configuration list for PBXProject "simple-grpc-swift" */ = {
			isa = XCConfigurationList;
			buildConfigurations = (
				FEBB166025E635F7004A6284 /* Debug */,
				FEBB166125E635F7004A6284 /* Release */,
			);
			defaultConfigurationIsVisible = 0;
			defaultConfigurationName = Release;
		};
		FEBB166225E635F7004A6284 /* Build configuration list for PBXNativeTarget "simple-grpc-swift" */ = {
			isa = XCConfigurationList;
			buildConfigurations = (
				FEBB166325E635F7004A6284 /* Debug */,
				FEBB166425E635F7004A6284 /* Release */,
			);
			defaultConfigurationIsVisible = 0;
			defaultConfigurationName = Release;
		};
/* End XCConfigurationList section */

/* Begin XCRemoteSwiftPackageReference section */
		FEBB166625E6369F004A6284 /* XCRemoteSwiftPackageReference "grpc-swift" */ = {
			isa = XCRemoteSwiftPackageReference;
			repositoryURL = "https://github.com/grpc/grpc-swift";
			requirement = {
				kind = upToNextMajorVersion;
				minimumVersion = 1.0.0;
			};
		};
/* End XCRemoteSwiftPackageReference section */

/* Begin XCSwiftPackageProductDependency section */
		FEBB166725E6369F004A6284 /* GRPC */ = {
			isa = XCSwiftPackageProductDependency;
			package = FEBB166625E6369F004A6284 /* XCRemoteSwiftPackageReference "grpc-swift" */;
			productName = GRPC;
		};
/* End XCSwiftPackageProductDependency section */
	};
	rootObject = FEBB165325E635F7004A6284 /* Project object */;
}
